
Microsoft Visual Studio Solution File, Format Version 12.00
# Visual Studio Version 17
VisualStudioVersion = 17.0.31903.59
MinimumVisualStudioVersion = 10.0.40219.1
Project("{2150E333-8FDC-42A3-9474-1A3956D46DE8}") = "src", "src", "{D1DC875C-1498-4CF9-B32B-D556BE50666C}"
EndProject
Project("{FAE04EC0-301F-11D3-BF4B-00C04F79EFBC}") = "Unilake.WebApp.Theme", "src\Unilake.WebApp.Theme\Unilake.WebApp.Theme.csproj", "{94C52759-AB42-4B55-AA15-7639A45D22A0}"
EndProject
Global
	GlobalSection(SolutionConfigurationPlatforms) = preSolution
		Debug|Any CPU = Debug|Any CPU
		Release|Any CPU = Release|Any CPU
	EndGlobalSection
	GlobalSection(SolutionProperties) = preSolution
		HideSolutionNode = FALSE
	EndGlobalSection
	GlobalSection(ProjectConfigurationPlatforms) = postSolution
		{94C52759-AB42-4B55-AA15-7639A45D22A0}.Debug|Any CPU.ActiveCfg = Debug|Any CPU
		{94C52759-AB42-4B55-AA15-7639A45D22A0}.Debug|Any CPU.Build.0 = Debug|Any CPU
		{94C52759-AB42-4B55-AA15-7639A45D22A0}.Release|Any CPU.ActiveCfg = Release|Any CPU
		{94C52759-AB42-4B55-AA15-7639A45D22A0}.Release|Any CPU.Build.0 = Release|Any CPU
	EndGlobalSection
	GlobalSection(NestedProjects) = preSolution
		{94C52759-AB42-4B55-AA15-7639A45D22A0} = {D1DC875C-1498-4CF9-B32B-D556BE50666C}
	EndGlobalSection
EndGlobal
