
Microsoft Visual Studio Solution File, Format Version 12.00
# Visual Studio Version 17
VisualStudioVersion = 17.0.31903.59
MinimumVisualStudioVersion = 10.0.40219.1
Project("{2150E333-8FDC-42A3-9474-1A3956D46DE8}") = "src", "src", "{EAF369A0-E49E-494B-B68C-E782F6D405D3}"
EndProject
Project("{FAE04EC0-301F-11D3-BF4B-00C04F79EFBC}") = "Unilake.WebApp.DesignSystem", "Unilake.WebApp.DesignSystem\Unilake.WebApp.DesignSystem.csproj", "{7DB4F75B-9ED4-40DE-886E-7F2F9F8EB17C}"
EndProject
Project("{FAE04EC0-301F-11D3-BF4B-00C04F79EFBC}") = "Unilake.WebApp.DesignSystem.Stories", "Unilake.WebApp.DesignSystem.Stories\Unilake.WebApp.DesignSystem.Stories.csproj", "{706F4647-EBB1-4648-BC76-F16B1758994C}"
EndProject
Global
	GlobalSection(SolutionConfigurationPlatforms) = preSolution
		Debug|Any CPU = Debug|Any CPU
		Release|Any CPU = Release|Any CPU
	EndGlobalSection
	GlobalSection(SolutionProperties) = preSolution
		HideSolutionNode = FALSE
	EndGlobalSection
	GlobalSection(ProjectConfigurationPlatforms) = postSolution
		{7DB4F75B-9ED4-40DE-886E-7F2F9F8EB17C}.Debug|Any CPU.ActiveCfg = Debug|Any CPU
		{7DB4F75B-9ED4-40DE-886E-7F2F9F8EB17C}.Debug|Any CPU.Build.0 = Debug|Any CPU
		{7DB4F75B-9ED4-40DE-886E-7F2F9F8EB17C}.Release|Any CPU.ActiveCfg = Release|Any CPU
		{7DB4F75B-9ED4-40DE-886E-7F2F9F8EB17C}.Release|Any CPU.Build.0 = Release|Any CPU
		{706F4647-EBB1-4648-BC76-F16B1758994C}.Debug|Any CPU.ActiveCfg = Debug|Any CPU
		{706F4647-EBB1-4648-BC76-F16B1758994C}.Debug|Any CPU.Build.0 = Debug|Any CPU
		{706F4647-EBB1-4648-BC76-F16B1758994C}.Release|Any CPU.ActiveCfg = Release|Any CPU
		{706F4647-EBB1-4648-BC76-F16B1758994C}.Release|Any CPU.Build.0 = Release|Any CPU
	EndGlobalSection
	GlobalSection(NestedProjects) = preSolution
		{7DB4F75B-9ED4-40DE-886E-7F2F9F8EB17C} = {EAF369A0-E49E-494B-B68C-E782F6D405D3}
		{706F4647-EBB1-4648-BC76-F16B1758994C} = {EAF369A0-E49E-494B-B68C-E782F6D405D3}
	EndGlobalSection
EndGlobal
